PODS:
  - apns_flutter (0.0.1):
    - Flutter
  - Flutter (1.0.0)

DEPENDENCIES:
  - apns_flutter (from `.symlinks/plugins/apns_flutter/ios`)
  - Flutter (from `Flutter`)

EXTERNAL SOURCES:
  apns_flutter:
    :path: ".symlinks/plugins/apns_flutter/ios"
  Flutter:
    :path: Flutter

SPEC CHECKSUMS:
  apns_flutter: a5466f9973bf067bd22d56b98d184b0423e00880
  Flutter: 0e3d915762c693b495b44d77113d4970485de6ec

PODFILE CHECKSUM: c34e2287a9ccaa606aeceab922830efb9a6ff69a

COCOAPODS: 1.9.1
